
Microsoft Visual Studio Solution File, Format Version 12.00
# Visual Studio Version 17
VisualStudioVersion = 17.11.35222.181
MinimumVisualStudioVersion = 10.0.40219.1
Project("{FAE04EC0-301F-11D3-BF4B-00C04F79EFBC}") = "FAid", "FAid\FAid.csproj", "{48E4AFB3-184F-455D-9D9B-07A1E9040350}"
EndProject
Global
	GlobalSection(SolutionConfigurationPlatforms) = preSolution
		Debug|Any CPU = Debug|Any CPU
		Release|Any CPU = Release|Any CPU
	EndGlobalSection
	GlobalSection(ProjectConfigurationPlatforms) = postSolution
		{48E4AFB3-184F-455D-9D9B-07A1E9040350}.Debug|Any CPU.ActiveCfg = Debug|Any CPU
		{48E4AFB3-184F-455D-9D9B-07A1E9040350}.Debug|Any CPU.Build.0 = Debug|Any CPU
		{48E4AFB3-184F-455D-9D9B-07A1E9040350}.Debug|Any CPU.Deploy.0 = Debug|Any CPU
		{48E4AFB3-184F-455D-9D9B-07A1E9040350}.Release|Any CPU.ActiveCfg = Release|Any CPU
		{48E4AFB3-184F-455D-9D9B-07A1E9040350}.Release|Any CPU.Build.0 = Release|Any CPU
		{48E4AFB3-184F-455D-9D9B-07A1E9040350}.Release|Any CPU.Deploy.0 = Release|Any CPU
	EndGlobalSection
	GlobalSection(SolutionProperties) = preSolution
		HideSolutionNode = FALSE
	EndGlobalSection
	GlobalSection(ExtensibilityGlobals) = postSolution
		SolutionGuid = {344A19DD-E31A-466C-8FEF-422BC1B9937D}
	EndGlobalSection
EndGlobal
